
Microsoft Visual Studio Solution File, Format Version 12.00
# Visual Studio 14
VisualStudioVersion = 14.0.25420.1
MinimumVisualStudioVersion = 10.0.40219.1
Project("{8BB2217D-0F2D-49D1-97BC-3654ED321F3B}") = "L01_HelloMongoDB", "L01_HelloMongoDB\L01_HelloMongoDB.xproj", "{3070535D-6DC6-4B4F-BFBD-A1B3DAAF8204}"
EndProject
Project("{8BB2217D-0F2D-49D1-97BC-3654ED321F3B}") = "L02_Bson", "..\L02_Bson\L02_Bson.xproj", "{66E25303-9D78-481A-91BC-D60A15A13A13}"
EndProject
Project("{8BB2217D-0F2D-49D1-97BC-3654ED321F3B}") = "L03_CsharpCRUD", "ConsoleApp1\L03_CsharpCRUD.xproj", "{F5D8E711-D5E0-44B0-9471-F60EBF33CD38}"
EndProject
Global
	GlobalSection(SolutionConfigurationPlatforms) = preSolution
		Debug|Any CPU = Debug|Any CPU
		Release|Any CPU = Release|Any CPU
	EndGlobalSection
	GlobalSection(ProjectConfigurationPlatforms) = postSolution
		{3070535D-6DC6-4B4F-BFBD-A1B3DAAF8204}.Debug|Any CPU.ActiveCfg = Debug|Any CPU
		{3070535D-6DC6-4B4F-BFBD-A1B3DAAF8204}.Debug|Any CPU.Build.0 = Debug|Any CPU
		{3070535D-6DC6-4B4F-BFBD-A1B3DAAF8204}.Release|Any CPU.ActiveCfg = Release|Any CPU
		{3070535D-6DC6-4B4F-BFBD-A1B3DAAF8204}.Release|Any CPU.Build.0 = Release|Any CPU
		{66E25303-9D78-481A-91BC-D60A15A13A13}.Debug|Any CPU.ActiveCfg = Debug|Any CPU
		{66E25303-9D78-481A-91BC-D60A15A13A13}.Debug|Any CPU.Build.0 = Debug|Any CPU
		{66E25303-9D78-481A-91BC-D60A15A13A13}.Release|Any CPU.ActiveCfg = Release|Any CPU
		{66E25303-9D78-481A-91BC-D60A15A13A13}.Release|Any CPU.Build.0 = Release|Any CPU
		{F5D8E711-D5E0-44B0-9471-F60EBF33CD38}.Debug|Any CPU.ActiveCfg = Debug|Any CPU
		{F5D8E711-D5E0-44B0-9471-F60EBF33CD38}.Debug|Any CPU.Build.0 = Debug|Any CPU
		{F5D8E711-D5E0-44B0-9471-F60EBF33CD38}.Release|Any CPU.ActiveCfg = Release|Any CPU
		{F5D8E711-D5E0-44B0-9471-F60EBF33CD38}.Release|Any CPU.Build.0 = Release|Any CPU
	EndGlobalSection
	GlobalSection(SolutionProperties) = preSolution
		HideSolutionNode = FALSE
	EndGlobalSection
EndGlobal
