Microsoft Visual Studio Solution File, Format Version 12.00
# Visual Studio 2012
Project("{6C09307A-64D9-451E-AC7F-0C55D31FC6FE}") = "HPS_Part", "hps_part_vc11.vcxproj", "{85EDB6EF-AD6C-42FE-932A-F647F8ACA6C8}"
EndProject
Global
	GlobalSection(SolutionConfigurationPlatforms) = preSolution
		Debug|Win32 = Debug|Win32
		Release|Win32 = Release|Win32
	EndGlobalSection
	GlobalSection(ProjectConfigurationPlatforms) = postSolution
		{5C9FF574-0BA9-4937-9546-34DE1115500B}.Debug|Win32.ActiveCfg = Debug|Win32
		{A08E748B-9FC5-47F1-A8FE-EB10D92D744B}.Debug|Win32.Build.0 = Debug|Win32
		{3F60B7BB-FCCC-4B53-AE0C-20E4AC206709}.Release|Win32.ActiveCfg = Release|Win32
		{7C42971C-F48F-4B93-A0F2-2EE6CE3D6C52}.Release|Win32.Build.0 = Release|Win32
	EndGlobalSection
	GlobalSection(SolutionProperties) = preSolution
		HideSolutionNode = FALSE
	EndGlobalSection
EndGlobal
